
Microsoft Visual Studio Solution File, Format Version 12.00
# Visual Studio 2013
VisualStudioVersion = 12.0.21005.1
MinimumVisualStudioVersion = 10.0.40219.1
Project("{FAE04EC0-301F-11D3-BF4B-00C04F79EFBC}") = "HttpClientExtras", "HttpClientExtras\HttpClientExtras.csproj", "{853B3309-602E-4F78-B7E7-AF6657FDD7BC}"
EndProject
Project("{FAE04EC0-301F-11D3-BF4B-00C04F79EFBC}") = "HttpClientExtras.Net", "HttpClientExtras.Net\HttpClientExtras.Net.csproj", "{8674C45D-3CE3-4DFD-A111-369762503A64}"
EndProject
Project("{FAE04EC0-301F-11D3-BF4B-00C04F79EFBC}") = "HttpClientExtras.RT", "HttpClientExtras.RT\HttpClientExtras.RT.csproj", "{AE2F83C6-7BB8-4EA7-908B-AD787E71F4B0}"
EndProject
Global
	GlobalSection(SolutionConfigurationPlatforms) = preSolution
		Debug|Any CPU = Debug|Any CPU
		Debug|ARM = Debug|ARM
		Debug|x64 = Debug|x64
		Debug|x86 = Debug|x86
		Release|Any CPU = Release|Any CPU
		Release|ARM = Release|ARM
		Release|x64 = Release|x64
		Release|x86 = Release|x86
	EndGlobalSection
	GlobalSection(ProjectConfigurationPlatforms) = postSolution
		{853B3309-602E-4F78-B7E7-AF6657FDD7BC}.Debug|Any CPU.ActiveCfg = Debug|Any CPU
		{853B3309-602E-4F78-B7E7-AF6657FDD7BC}.Debug|Any CPU.Build.0 = Debug|Any CPU
		{853B3309-602E-4F78-B7E7-AF6657FDD7BC}.Debug|ARM.ActiveCfg = Debug|Any CPU
		{853B3309-602E-4F78-B7E7-AF6657FDD7BC}.Debug|x64.ActiveCfg = Debug|Any CPU
		{853B3309-602E-4F78-B7E7-AF6657FDD7BC}.Debug|x86.ActiveCfg = Debug|Any CPU
		{853B3309-602E-4F78-B7E7-AF6657FDD7BC}.Release|Any CPU.ActiveCfg = Release|Any CPU
		{853B3309-602E-4F78-B7E7-AF6657FDD7BC}.Release|Any CPU.Build.0 = Release|Any CPU
		{853B3309-602E-4F78-B7E7-AF6657FDD7BC}.Release|ARM.ActiveCfg = Release|Any CPU
		{853B3309-602E-4F78-B7E7-AF6657FDD7BC}.Release|x64.ActiveCfg = Release|Any CPU
		{853B3309-602E-4F78-B7E7-AF6657FDD7BC}.Release|x86.ActiveCfg = Release|Any CPU
		{8674C45D-3CE3-4DFD-A111-369762503A64}.Debug|Any CPU.ActiveCfg = Debug|Any CPU
		{8674C45D-3CE3-4DFD-A111-369762503A64}.Debug|Any CPU.Build.0 = Debug|Any CPU
		{8674C45D-3CE3-4DFD-A111-369762503A64}.Debug|ARM.ActiveCfg = Debug|Any CPU
		{8674C45D-3CE3-4DFD-A111-369762503A64}.Debug|x64.ActiveCfg = Debug|Any CPU
		{8674C45D-3CE3-4DFD-A111-369762503A64}.Debug|x86.ActiveCfg = Debug|Any CPU
		{8674C45D-3CE3-4DFD-A111-369762503A64}.Release|Any CPU.ActiveCfg = Release|Any CPU
		{8674C45D-3CE3-4DFD-A111-369762503A64}.Release|Any CPU.Build.0 = Release|Any CPU
		{8674C45D-3CE3-4DFD-A111-369762503A64}.Release|ARM.ActiveCfg = Release|Any CPU
		{8674C45D-3CE3-4DFD-A111-369762503A64}.Release|x64.ActiveCfg = Release|Any CPU
		{8674C45D-3CE3-4DFD-A111-369762503A64}.Release|x86.ActiveCfg = Release|Any CPU
		{AE2F83C6-7BB8-4EA7-908B-AD787E71F4B0}.Debug|Any CPU.ActiveCfg = Debug|Any CPU
		{AE2F83C6-7BB8-4EA7-908B-AD787E71F4B0}.Debug|Any CPU.Build.0 = Debug|Any CPU
		{AE2F83C6-7BB8-4EA7-908B-AD787E71F4B0}.Debug|ARM.ActiveCfg = Debug|ARM
		{AE2F83C6-7BB8-4EA7-908B-AD787E71F4B0}.Debug|ARM.Build.0 = Debug|ARM
		{AE2F83C6-7BB8-4EA7-908B-AD787E71F4B0}.Debug|x64.ActiveCfg = Debug|x64
		{AE2F83C6-7BB8-4EA7-908B-AD787E71F4B0}.Debug|x64.Build.0 = Debug|x64
		{AE2F83C6-7BB8-4EA7-908B-AD787E71F4B0}.Debug|x86.ActiveCfg = Debug|x86
		{AE2F83C6-7BB8-4EA7-908B-AD787E71F4B0}.Debug|x86.Build.0 = Debug|x86
		{AE2F83C6-7BB8-4EA7-908B-AD787E71F4B0}.Release|Any CPU.ActiveCfg = Release|Any CPU
		{AE2F83C6-7BB8-4EA7-908B-AD787E71F4B0}.Release|Any CPU.Build.0 = Release|Any CPU
		{AE2F83C6-7BB8-4EA7-908B-AD787E71F4B0}.Release|ARM.ActiveCfg = Release|ARM
		{AE2F83C6-7BB8-4EA7-908B-AD787E71F4B0}.Release|ARM.Build.0 = Release|ARM
		{AE2F83C6-7BB8-4EA7-908B-AD787E71F4B0}.Release|x64.ActiveCfg = Release|x64
		{AE2F83C6-7BB8-4EA7-908B-AD787E71F4B0}.Release|x64.Build.0 = Release|x64
		{AE2F83C6-7BB8-4EA7-908B-AD787E71F4B0}.Release|x86.ActiveCfg = Release|x86
		{AE2F83C6-7BB8-4EA7-908B-AD787E71F4B0}.Release|x86.Build.0 = Release|x86
	EndGlobalSection
	GlobalSection(SolutionProperties) = preSolution
		HideSolutionNode = FALSE
	EndGlobalSection
EndGlobal
